# THIS IS AN AUTOGENERATED FILE. DO NOT EDIT THIS FILE DIRECTLY.
# yarn lockfile v1


eorzea-time@^2.0.0:
  version "2.0.0"
  resolved "https://registry.yarnpkg.com/eorzea-time/-/eorzea-time-2.0.0.tgz#22f86a98513b48175fe891cbd0f13ef44875a930"
  integrity sha512-XGTNwhpO/H4s5BzAPSxIA9bb5mO66hhIuqSPUKh97eSyb4dRkA080vgYq+WrAtJNaYUEYb/kBt2PDmPfxgAo5w==
